
Microsoft Visual Studio Solution File, Format Version 12.00
# Visual Studio Version 16
VisualStudioVersion = 16.0.28803.156
MinimumVisualStudioVersion = 10.0.40219.1
Project("{9A19103F-16F7-4668-BE54-9A1E7A4F7556}") = "Core.Arango", "Core.Arango\Core.Arango.csproj", "{6B8D05CE-CCB7-4FC4-A85F-EADDEF305999}"
EndProject
Project("{FAE04EC0-301F-11D3-BF4B-00C04F79EFBC}") = "Core.Arango.Serilog", "Core.Arango.Serilog\Core.Arango.Serilog.csproj", "{B91A1E6C-FAF0-4632-9098-11AD2BE53221}"
EndProject
Global
	GlobalSection(SolutionConfigurationPlatforms) = preSolution
		Debug|Any CPU = Debug|Any CPU
		Release|Any CPU = Release|Any CPU
	EndGlobalSection
	GlobalSection(ProjectConfigurationPlatforms) = postSolution
		{6B8D05CE-CCB7-4FC4-A85F-EADDEF305999}.Debug|Any CPU.ActiveCfg = Debug|Any CPU
		{6B8D05CE-CCB7-4FC4-A85F-EADDEF305999}.Debug|Any CPU.Build.0 = Debug|Any CPU
		{6B8D05CE-CCB7-4FC4-A85F-EADDEF305999}.Release|Any CPU.ActiveCfg = Release|Any CPU
		{6B8D05CE-CCB7-4FC4-A85F-EADDEF305999}.Release|Any CPU.Build.0 = Release|Any CPU
		{B91A1E6C-FAF0-4632-9098-11AD2BE53221}.Debug|Any CPU.ActiveCfg = Debug|Any CPU
		{B91A1E6C-FAF0-4632-9098-11AD2BE53221}.Debug|Any CPU.Build.0 = Debug|Any CPU
		{B91A1E6C-FAF0-4632-9098-11AD2BE53221}.Release|Any CPU.ActiveCfg = Release|Any CPU
		{B91A1E6C-FAF0-4632-9098-11AD2BE53221}.Release|Any CPU.Build.0 = Release|Any CPU
	EndGlobalSection
	GlobalSection(SolutionProperties) = preSolution
		HideSolutionNode = FALSE
	EndGlobalSection
	GlobalSection(ExtensibilityGlobals) = postSolution
		SolutionGuid = {D52A3509-0AEE-4464-81B6-E4E4AA95E7ED}
	EndGlobalSection
EndGlobal
