
Microsoft Visual Studio Solution File, Format Version 12.00
# Visual Studio Version 16
VisualStudioVersion = 16.0.28803.156
MinimumVisualStudioVersion = 10.0.40219.1
Project("{9A19103F-16F7-4668-BE54-9A1E7A4F7556}") = "Core.Arango", "Core.Arango\Core.Arango.csproj", "{6B8D05CE-CCB7-4FC4-A85F-EADDEF305999}"
EndProject
Global
	GlobalSection(SolutionConfigurationPlatforms) = preSolution
		Debug|Any CPU = Debug|Any CPU
		Release|Any CPU = Release|Any CPU
	EndGlobalSection
	GlobalSection(ProjectConfigurationPlatforms) = postSolution
		{C882BF3F-521D-402F-A628-ADC327C8FB46}.Debug|Any CPU.ActiveCfg = Debug|Any CPU
		{C882BF3F-521D-402F-A628-ADC327C8FB46}.Debug|Any CPU.Build.0 = Debug|Any CPU
		{C882BF3F-521D-402F-A628-ADC327C8FB46}.Release|Any CPU.ActiveCfg = Release|Any CPU
		{C882BF3F-521D-402F-A628-ADC327C8FB46}.Release|Any CPU.Build.0 = Release|Any CPU
		{12F7AC34-621D-4DBF-8281-360ABC5FC9EF}.Debug|Any CPU.ActiveCfg = Debug|Any CPU
		{12F7AC34-621D-4DBF-8281-360ABC5FC9EF}.Debug|Any CPU.Build.0 = Debug|Any CPU
		{12F7AC34-621D-4DBF-8281-360ABC5FC9EF}.Release|Any CPU.ActiveCfg = Release|Any CPU
		{12F7AC34-621D-4DBF-8281-360ABC5FC9EF}.Release|Any CPU.Build.0 = Release|Any CPU
		{FA336333-B787-413E-82EC-4391B78157A8}.Debug|Any CPU.ActiveCfg = Debug|Any CPU
		{FA336333-B787-413E-82EC-4391B78157A8}.Debug|Any CPU.Build.0 = Debug|Any CPU
		{FA336333-B787-413E-82EC-4391B78157A8}.Release|Any CPU.ActiveCfg = Release|Any CPU
		{FA336333-B787-413E-82EC-4391B78157A8}.Release|Any CPU.Build.0 = Release|Any CPU
		{6B8D05CE-CCB7-4FC4-A85F-EADDEF305999}.Debug|Any CPU.ActiveCfg = Debug|Any CPU
		{6B8D05CE-CCB7-4FC4-A85F-EADDEF305999}.Debug|Any CPU.Build.0 = Debug|Any CPU
		{6B8D05CE-CCB7-4FC4-A85F-EADDEF305999}.Release|Any CPU.ActiveCfg = Release|Any CPU
		{6B8D05CE-CCB7-4FC4-A85F-EADDEF305999}.Release|Any CPU.Build.0 = Release|Any CPU
		{3DEA49F9-619F-4ADF-87F6-530A58DD10B0}.Debug|Any CPU.ActiveCfg = Debug|Any CPU
		{3DEA49F9-619F-4ADF-87F6-530A58DD10B0}.Debug|Any CPU.Build.0 = Debug|Any CPU
		{3DEA49F9-619F-4ADF-87F6-530A58DD10B0}.Release|Any CPU.ActiveCfg = Release|Any CPU
		{3DEA49F9-619F-4ADF-87F6-530A58DD10B0}.Release|Any CPU.Build.0 = Release|Any CPU
	EndGlobalSection
	GlobalSection(SolutionProperties) = preSolution
		HideSolutionNode = FALSE
	EndGlobalSection
	GlobalSection(ExtensibilityGlobals) = postSolution
		SolutionGuid = {D52A3509-0AEE-4464-81B6-E4E4AA95E7ED}
	EndGlobalSection
EndGlobal
